github.com/pradhyumn9sf/Dog v0.0.0-20250411062047-f443c08bcedd h1:ydq4FJ8HcKO/kQasBmc/+OuFKZ+ONfwI1rc47M4ro00=
github.com/pradhyumn9sf/Dog v0.0.0-20250411062047-f443c08bcedd/go.mod h1:COwHqiB8+Oyjh8oVB5tog9vhDQCQXqTSXBegaOWp7QM=
github.com/pradhyumn9sf/Puppy v0.0.0-20250411060318-8fca8a13950c h1:Xt5LFWPPs1OJYKMwfAKMO/5F+8vcQYZwQliMtPwcIy4=
github.com/pradhyumn9sf/Puppy v0.0.0-20250411060318-8fca8a13950c/go.mod h1:SWmlSYhf8GTXzi5zvLqL2N5tXJzFdcs1bI72rtTT3l4=
github.com/pradhyumn9sf/Puppy v0.0.0-20250411062339-568aa81f5907 h1:ukPb1FNVMGFnVNoj3rr777BSe00zmSH7SUVN/AukuuM=
github.com/pradhyumn9sf/Puppy v0.0.0-20250411062339-568aa81f5907/go.mod h1:BpYxn6IPO/k5nW1pOMAh3mqFBeEblHgr24F3oaxWvJQ=
